
Microsoft Visual Studio Solution File, Format Version 12.00
# Visual Studio Version 17
VisualStudioVersion = 17.5.002.0
MinimumVisualStudioVersion = 10.0.40219.1
Project("{9A19103F-16F7-4668-BE54-9A1E7A4F7556}") = "SuperHeroApiDotNet7-2", "SuperHeroApiDotNet7-2.csproj", "{3B7A1568-7A01-4F50-A116-A0692B5207C3}"
EndProject
Global
	GlobalSection(SolutionConfigurationPlatforms) = preSolution
		Debug|Any CPU = Debug|Any CPU
		Release|Any CPU = Release|Any CPU
	EndGlobalSection
	GlobalSection(ProjectConfigurationPlatforms) = postSolution
		{3B7A1568-7A01-4F50-A116-A0692B5207C3}.Debug|Any CPU.ActiveCfg = Debug|Any CPU
		{3B7A1568-7A01-4F50-A116-A0692B5207C3}.Debug|Any CPU.Build.0 = Debug|Any CPU
		{3B7A1568-7A01-4F50-A116-A0692B5207C3}.Release|Any CPU.ActiveCfg = Release|Any CPU
		{3B7A1568-7A01-4F50-A116-A0692B5207C3}.Release|Any CPU.Build.0 = Release|Any CPU
	EndGlobalSection
	GlobalSection(SolutionProperties) = preSolution
		HideSolutionNode = FALSE
	EndGlobalSection
	GlobalSection(ExtensibilityGlobals) = postSolution
		SolutionGuid = {708F0C6F-419E-4E26-B337-0679F5E50EA6}
	EndGlobalSection
EndGlobal
